
Microsoft Visual Studio Solution File, Format Version 12.00
# Visual Studio Version 17
VisualStudioVersion = 17.0.31912.275
MinimumVisualStudioVersion = 10.0.40219.1
Project("{2150E333-8FDC-42A3-9474-1A3956D46DE8}") = "src", "src", "{0F3B4F9B-FE53-44FD-8AAB-5878183F1061}"
EndProject
Project("{2150E333-8FDC-42A3-9474-1A3956D46DE8}") = "Core", "Core", "{4C0478C4-EB8F-4171-8043-B3720F3CB21F}"
EndProject
Project("{2150E333-8FDC-42A3-9474-1A3956D46DE8}") = "test", "test", "{D59360F8-2F89-422F-B684-E06251850EE8}"
EndProject
Project("{9A19103F-16F7-4668-BE54-9A1E7A4F7556}") = "Application", "src\Application\Application.csproj", "{E9B86B8F-E6AB-4B26-B6FD-B51B1BF99F74}"
EndProject
Project("{9A19103F-16F7-4668-BE54-9A1E7A4F7556}") = "Domain", "src\Domain\Domain.csproj", "{335C661D-5EEB-4E18-A79B-684C11D28E5F}"
EndProject
Project("{2150E333-8FDC-42A3-9474-1A3956D46DE8}") = "Infrastructure", "src\Infrastructure", "{1C581E64-2300-4663-8B60-3D3D217B0A07}"
EndProject
Project("{2150E333-8FDC-42A3-9474-1A3956D46DE8}") = "Persistence", "Persistence", "{1AC40EE3-2605-416A-A206-26EE5AD88CB9}"
EndProject
Project("{9A19103F-16F7-4668-BE54-9A1E7A4F7556}") = "EfCore.Persistence", "src\EfCore.Persistence\EfCore.Persistence.csproj", "{2E476EB0-0675-4A1A-84DB-4C03E7F2A9BB}"
EndProject
Project("{9A19103F-16F7-4668-BE54-9A1E7A4F7556}") = "Shared", "src\Shared\Shared.csproj", "{7E23B4C6-621D-43D8-96AF-55C516D05043}"
EndProject
Project("{2150E333-8FDC-42A3-9474-1A3956D46DE8}") = "Presentation", "Presentation", "{EC7F38CE-40F8-4064-870A-BA6D32403541}"
EndProject
Project("{9A19103F-16F7-4668-BE54-9A1E7A4F7556}") = "WebApi", "src\WebApi\WebApi.csproj", "{68027C01-7337-4F43-A37C-735A9EB426CF}"
EndProject
Project("{9A19103F-16F7-4668-BE54-9A1E7A4F7556}") = "Cloud.Service", "src\Cloud.Service\Cloud.Service.csproj", "{C56FDC94-23E1-498C-B3B2-0E5848E32FB9}"
EndProject
Global
	GlobalSection(SolutionConfigurationPlatforms) = preSolution
		Debug|Any CPU = Debug|Any CPU
		Debug|x64 = Debug|x64
		Release|Any CPU = Release|Any CPU
		Release|x64 = Release|x64
	EndGlobalSection
	GlobalSection(ProjectConfigurationPlatforms) = postSolution
		{E9B86B8F-E6AB-4B26-B6FD-B51B1BF99F74}.Debug|Any CPU.ActiveCfg = Debug|Any CPU
		{E9B86B8F-E6AB-4B26-B6FD-B51B1BF99F74}.Debug|Any CPU.Build.0 = Debug|Any CPU
		{E9B86B8F-E6AB-4B26-B6FD-B51B1BF99F74}.Debug|x64.ActiveCfg = Debug|Any CPU
		{E9B86B8F-E6AB-4B26-B6FD-B51B1BF99F74}.Debug|x64.Build.0 = Debug|Any CPU
		{E9B86B8F-E6AB-4B26-B6FD-B51B1BF99F74}.Release|Any CPU.ActiveCfg = Release|Any CPU
		{E9B86B8F-E6AB-4B26-B6FD-B51B1BF99F74}.Release|Any CPU.Build.0 = Release|Any CPU
		{E9B86B8F-E6AB-4B26-B6FD-B51B1BF99F74}.Release|x64.ActiveCfg = Release|Any CPU
		{E9B86B8F-E6AB-4B26-B6FD-B51B1BF99F74}.Release|x64.Build.0 = Release|Any CPU
		{335C661D-5EEB-4E18-A79B-684C11D28E5F}.Debug|Any CPU.ActiveCfg = Debug|Any CPU
		{335C661D-5EEB-4E18-A79B-684C11D28E5F}.Debug|Any CPU.Build.0 = Debug|Any CPU
		{335C661D-5EEB-4E18-A79B-684C11D28E5F}.Debug|x64.ActiveCfg = Debug|Any CPU
		{335C661D-5EEB-4E18-A79B-684C11D28E5F}.Debug|x64.Build.0 = Debug|Any CPU
		{335C661D-5EEB-4E18-A79B-684C11D28E5F}.Release|Any CPU.ActiveCfg = Release|Any CPU
		{335C661D-5EEB-4E18-A79B-684C11D28E5F}.Release|Any CPU.Build.0 = Release|Any CPU
		{335C661D-5EEB-4E18-A79B-684C11D28E5F}.Release|x64.ActiveCfg = Release|Any CPU
		{335C661D-5EEB-4E18-A79B-684C11D28E5F}.Release|x64.Build.0 = Release|Any CPU
		{2E476EB0-0675-4A1A-84DB-4C03E7F2A9BB}.Debug|Any CPU.ActiveCfg = Debug|Any CPU
		{2E476EB0-0675-4A1A-84DB-4C03E7F2A9BB}.Debug|Any CPU.Build.0 = Debug|Any CPU
		{2E476EB0-0675-4A1A-84DB-4C03E7F2A9BB}.Debug|x64.ActiveCfg = Debug|Any CPU
		{2E476EB0-0675-4A1A-84DB-4C03E7F2A9BB}.Debug|x64.Build.0 = Debug|Any CPU
		{2E476EB0-0675-4A1A-84DB-4C03E7F2A9BB}.Release|Any CPU.ActiveCfg = Release|Any CPU
		{2E476EB0-0675-4A1A-84DB-4C03E7F2A9BB}.Release|Any CPU.Build.0 = Release|Any CPU
		{2E476EB0-0675-4A1A-84DB-4C03E7F2A9BB}.Release|x64.ActiveCfg = Release|Any CPU
		{2E476EB0-0675-4A1A-84DB-4C03E7F2A9BB}.Release|x64.Build.0 = Release|Any CPU
		{7E23B4C6-621D-43D8-96AF-55C516D05043}.Debug|Any CPU.ActiveCfg = Debug|Any CPU
		{7E23B4C6-621D-43D8-96AF-55C516D05043}.Debug|Any CPU.Build.0 = Debug|Any CPU
		{7E23B4C6-621D-43D8-96AF-55C516D05043}.Debug|x64.ActiveCfg = Debug|Any CPU
		{7E23B4C6-621D-43D8-96AF-55C516D05043}.Debug|x64.Build.0 = Debug|Any CPU
		{7E23B4C6-621D-43D8-96AF-55C516D05043}.Release|Any CPU.ActiveCfg = Release|Any CPU
		{7E23B4C6-621D-43D8-96AF-55C516D05043}.Release|Any CPU.Build.0 = Release|Any CPU
		{7E23B4C6-621D-43D8-96AF-55C516D05043}.Release|x64.ActiveCfg = Release|Any CPU
		{7E23B4C6-621D-43D8-96AF-55C516D05043}.Release|x64.Build.0 = Release|Any CPU
		{68027C01-7337-4F43-A37C-735A9EB426CF}.Debug|Any CPU.ActiveCfg = Debug|Any CPU
		{68027C01-7337-4F43-A37C-735A9EB426CF}.Debug|Any CPU.Build.0 = Debug|Any CPU
		{68027C01-7337-4F43-A37C-735A9EB426CF}.Debug|x64.ActiveCfg = Debug|Any CPU
		{68027C01-7337-4F43-A37C-735A9EB426CF}.Debug|x64.Build.0 = Debug|Any CPU
		{68027C01-7337-4F43-A37C-735A9EB426CF}.Release|Any CPU.ActiveCfg = Release|Any CPU
		{68027C01-7337-4F43-A37C-735A9EB426CF}.Release|Any CPU.Build.0 = Release|Any CPU
		{68027C01-7337-4F43-A37C-735A9EB426CF}.Release|x64.ActiveCfg = Release|Any CPU
		{68027C01-7337-4F43-A37C-735A9EB426CF}.Release|x64.Build.0 = Release|Any CPU
		{C56FDC94-23E1-498C-B3B2-0E5848E32FB9}.Debug|Any CPU.ActiveCfg = Debug|Any CPU
		{C56FDC94-23E1-498C-B3B2-0E5848E32FB9}.Debug|Any CPU.Build.0 = Debug|Any CPU
		{C56FDC94-23E1-498C-B3B2-0E5848E32FB9}.Debug|x64.ActiveCfg = Debug|Any CPU
		{C56FDC94-23E1-498C-B3B2-0E5848E32FB9}.Debug|x64.Build.0 = Debug|Any CPU
		{C56FDC94-23E1-498C-B3B2-0E5848E32FB9}.Release|Any CPU.ActiveCfg = Release|Any CPU
		{C56FDC94-23E1-498C-B3B2-0E5848E32FB9}.Release|Any CPU.Build.0 = Release|Any CPU
		{C56FDC94-23E1-498C-B3B2-0E5848E32FB9}.Release|x64.ActiveCfg = Release|Any CPU
		{C56FDC94-23E1-498C-B3B2-0E5848E32FB9}.Release|x64.Build.0 = Release|Any CPU
	EndGlobalSection
	GlobalSection(SolutionProperties) = preSolution
		HideSolutionNode = FALSE
	EndGlobalSection
	GlobalSection(NestedProjects) = preSolution
		{4C0478C4-EB8F-4171-8043-B3720F3CB21F} = {0F3B4F9B-FE53-44FD-8AAB-5878183F1061}
		{E9B86B8F-E6AB-4B26-B6FD-B51B1BF99F74} = {4C0478C4-EB8F-4171-8043-B3720F3CB21F}
		{335C661D-5EEB-4E18-A79B-684C11D28E5F} = {4C0478C4-EB8F-4171-8043-B3720F3CB21F}
		{1C581E64-2300-4663-8B60-3D3D217B0A07} = {0F3B4F9B-FE53-44FD-8AAB-5878183F1061}
		{1AC40EE3-2605-416A-A206-26EE5AD88CB9} = {1C581E64-2300-4663-8B60-3D3D217B0A07}
		{2E476EB0-0675-4A1A-84DB-4C03E7F2A9BB} = {1AC40EE3-2605-416A-A206-26EE5AD88CB9}
		{7E23B4C6-621D-43D8-96AF-55C516D05043} = {1C581E64-2300-4663-8B60-3D3D217B0A07}
		{EC7F38CE-40F8-4064-870A-BA6D32403541} = {0F3B4F9B-FE53-44FD-8AAB-5878183F1061}
		{68027C01-7337-4F43-A37C-735A9EB426CF} = {EC7F38CE-40F8-4064-870A-BA6D32403541}
		{C56FDC94-23E1-498C-B3B2-0E5848E32FB9} = {1C581E64-2300-4663-8B60-3D3D217B0A07}
	EndGlobalSection
	GlobalSection(ExtensibilityGlobals) = postSolution
		SolutionGuid = {52CD25FC-66A8-4255-AC72-9754833CC9B1}
	EndGlobalSection
EndGlobal
